
Microsoft Visual Studio Solution File, Format Version 12.00
# Visual Studio Version 16
VisualStudioVersion = 16.0.29911.84
MinimumVisualStudioVersion = 10.0.40219.1
Project("{8BC9CEB8-8B4A-11D0-8D11-00A0C91BC942}") = "PyInt", "PyInt\PyInt.vcxproj", "{7532B857-A40E-4879-BC0F-D4B941E10030}"
EndProject
Project("{8BC9CEB8-8B4A-11D0-8D11-00A0C91BC942}") = "Tests", "Tests\Tests.vcxproj", "{CA28CCAE-177F-460F-BD45-00984E98DCD5}"
EndProject
Global
	GlobalSection(SolutionConfigurationPlatforms) = preSolution
		Debug|x64 = Debug|x64
		Debug|x86 = Debug|x86
		Release|x64 = Release|x64
		Release|x86 = Release|x86
	EndGlobalSection
	GlobalSection(ProjectConfigurationPlatforms) = postSolution
		{7532B857-A40E-4879-BC0F-D4B941E10030}.Debug|x64.ActiveCfg = Debug|x64
		{7532B857-A40E-4879-BC0F-D4B941E10030}.Debug|x64.Build.0 = Debug|x64
		{7532B857-A40E-4879-BC0F-D4B941E10030}.Debug|x86.ActiveCfg = Debug|Win32
		{7532B857-A40E-4879-BC0F-D4B941E10030}.Debug|x86.Build.0 = Debug|Win32
		{7532B857-A40E-4879-BC0F-D4B941E10030}.Release|x64.ActiveCfg = Release|x64
		{7532B857-A40E-4879-BC0F-D4B941E10030}.Release|x64.Build.0 = Release|x64
		{7532B857-A40E-4879-BC0F-D4B941E10030}.Release|x86.ActiveCfg = Release|Win32
		{7532B857-A40E-4879-BC0F-D4B941E10030}.Release|x86.Build.0 = Release|Win32
		{CA28CCAE-177F-460F-BD45-00984E98DCD5}.Debug|x64.ActiveCfg = Debug|x64
		{CA28CCAE-177F-460F-BD45-00984E98DCD5}.Debug|x64.Build.0 = Debug|x64
		{CA28CCAE-177F-460F-BD45-00984E98DCD5}.Debug|x86.ActiveCfg = Debug|Win32
		{CA28CCAE-177F-460F-BD45-00984E98DCD5}.Debug|x86.Build.0 = Debug|Win32
		{CA28CCAE-177F-460F-BD45-00984E98DCD5}.Release|x64.ActiveCfg = Release|x64
		{CA28CCAE-177F-460F-BD45-00984E98DCD5}.Release|x64.Build.0 = Release|x64
		{CA28CCAE-177F-460F-BD45-00984E98DCD5}.Release|x86.ActiveCfg = Release|Win32
		{CA28CCAE-177F-460F-BD45-00984E98DCD5}.Release|x86.Build.0 = Release|Win32
	EndGlobalSection
	GlobalSection(SolutionProperties) = preSolution
		HideSolutionNode = FALSE
	EndGlobalSection
	GlobalSection(ExtensibilityGlobals) = postSolution
		SolutionGuid = {D58546BD-08CF-402C-918E-6E938AB641A2}
	EndGlobalSection
EndGlobal
