<?xml version="1.0" encoding="utf-8"?>
<Project ToolsVersion="4.0" xmlns="http://schemas.microsoft.com/developer/msbuild/2003">
  <ItemGroup>
    <ClCompile Include="src\Services\Memory\Memory.c" />
    <ClCompile Include="src\Services\Scanner\Scanner.c" />
    <ClCompile Include="src\main.c" />
    <ClCompile Include="src\Repl.c" />
    <ClCompile Include="src\RunFile.c" />
    <ClCompile Include="src\Compilation\Statements\ForStatement\ForStatement.c" />
    <ClCompile Include="src\Compilation\Statements\Function\FunctionDefinition.c" />
    <ClCompile Include="src\Compilation\Statements\GlobalStatement\GlobalStatement.c" />
    <ClCompile Include="src\Compilation\Statements\IfStatement\IfStatement.c" />
    <ClCompile Include="src\Compilation\Statements\ReturnStatement\ReturnStatement.c" />
    <ClCompile Include="src\Compilation\Statements\WhileStatement\WhileStatement.c" />
    <ClCompile Include="src\Compilation\Helpers\Helpers.c" />
    <ClCompile Include="src\Virtual Machine\NativeFunctions\NativeFunctions.c" />
    <ClCompile Include="src\Virtual Machine\VM\VM.c" />
    <ClCompile Include="src\Compilation\Errors\Errors.c" />
    <ClCompile Include="src\Types\String\String.c" />
    <ClCompile Include="src\Types\Printing\Printing.c" />
    <ClCompile Include="src\Virtual Machine\Settings\Settings.c" />
    <ClCompile Include="src\Compilation\ParseFunctions\ParseFunctions.c" />
    <ClCompile Include="src\Compilation\Statements\ExpressionStatement\ExpressionStatement.c" />
    <ClCompile Include="src\Compilation\Expressions\Expressions.c" />
    <ClCompile Include="src\Compilation\Statements\CompoundStatement\CompoundStatement.c" />
    <ClCompile Include="src\Compilation\Statements\SimpleStatement\SimpleStatement.c" />
    <ClCompile Include="src\Compilation\Statements\Statement\Statement.c" />
    <ClCompile Include="src\Compilation\Variables\Global\Global.c" />
    <ClCompile Include="src\Compilation\Variables\Upvalue\UpvalueResolver.c" />
    <ClCompile Include="src\Compilation\Bytecode\CompilerBytecode.c" />
    <ClCompile Include="src\Virtual Machine\Printing\VmPrinting.c" />
    <ClCompile Include="src\Services\Disassembly\InstructionWriters\InstructionWriters.c" />
    <ClCompile Include="src\Services\Disassembly\Disassembly.c" />
    <ClCompile Include="src\Services\Disassembly\BytecodeDisassembly\BytecodeDisassembly.c" />
    <ClCompile Include="src\Services\Disassembly\ExecutionDisassembly\ExecutionDisassembly.c" />
    <ClCompile Include="src\Virtual Machine\Run\Run.c" />
    <ClCompile Include="src\Virtual Machine\Services\Stack\Stack.c" />
    <ClCompile Include="src\Virtual Machine\Services\Errors\RuntimeError.c" />
    <ClCompile Include="src\Virtual Machine\CallFrame\CallFrame.c" />
    <ClCompile Include="src\Virtual Machine\Services\Call\Call.c" />
    <ClCompile Include="src\Virtual Machine\Services\Upvalues\Upvalues.c" />
    <ClCompile Include="src\Compilation\Variables\Local\LocalFunctions.c" />
    <ClCompile Include="src\Compilation\Compiler\CompilerFunctions.c" />
    <ClCompile Include="src\Services\Disassembly\GarbageCollectionDisassembly\GarbageCollectionDisassembly.c" />
    <ClCompile Include="src\Services\GarbageCollection\GarbageCollection.c" />
    <ClCompile Include="src\Services\GarbageCollection\GarbageCollector\GarbageCollector.c" />
    <ClCompile Include="src\Services\Table\TableFunctions.c" />
    <ClCompile Include="src\Services\Bytecode\BytecodeFunctions.c" />
    <ClCompile Include="src\Compilation\Services\Services.c" />
    <ClCompile Include="src\Types\Object\ObjectFunctions.c" />
    <ClCompile Include="src\Types\Value\ValueFunctions.c" />
    <ClCompile Include="src\Types\Closure\ClosureFunctions.c" />
    <ClCompile Include="src\Types\Upvalue\UpvalueFunctions.c" />
    <ClCompile Include="src\Types\NativeFunction\NativeFunctionFunctions.c" />
    <ClCompile Include="src\Types\Function\FunctionFunctions.c" />
  </ItemGroup>
  <ItemGroup>
    <ClInclude Include="src\Services\Bytecode\Bytecode.h" />
    <ClInclude Include="src\Services\Memory\Memory.h" />
    <ClInclude Include="src\Services\Scanner\Scanner.h" />
    <ClInclude Include="src\Headers\Common.h" />
    <ClInclude Include="src\Headers\PrintType.h" />
    <ClInclude Include="src\Headers\RunMode.h" />
    <ClInclude Include="src\Headers\Token.h" />
    <ClInclude Include="src\Repl.h" />
    <ClInclude Include="src\RunFile.h" />
    <ClInclude Include="src\Compilation\Statements\ForStatement\ForStatement.h" />
    <ClInclude Include="src\Compilation\Statements\Function\FunctionDefinition.h" />
    <ClInclude Include="src\Compilation\Statements\GlobalStatement\GlobalStatement.h" />
    <ClInclude Include="src\Compilation\Statements\IfStatement\IfStatement.h" />
    <ClInclude Include="src\Compilation\Statements\ReturnStatement\ReturnStatement.h" />
    <ClInclude Include="src\Compilation\Statements\WhileStatement\WhileStatement.h" />
    <ClInclude Include="src\Compilation\Compiler\Compiler.h" />
    <ClInclude Include="src\Compilation\Services\Services.h" />
    <ClInclude Include="src\Compilation\Helpers\Helpers.h" />
    <ClInclude Include="src\Types\Object\Object.h" />
    <ClInclude Include="src\Types\Value\Value.h" />
    <ClInclude Include="src\Virtual Machine\NativeFunctions\NativeFunctions.h" />
    <ClInclude Include="src\Virtual Machine\VM\VM.h" />
    <ClInclude Include="src\Compilation\Errors\Errors.h" />
    <ClInclude Include="src\Types\Function\Function.h" />
    <ClInclude Include="src\Types\String\String.h" />
    <ClInclude Include="src\Types\Closure\Closure.h" />
    <ClInclude Include="src\Types\Upvalue\Upvalue.h" />
    <ClInclude Include="src\Types\NativeFunction\NativeFunction.h" />
    <ClInclude Include="src\Types\Printing\Printing.h" />
    <ClInclude Include="src\Virtual Machine\Settings\Settings.h" />
    <ClInclude Include="src\Services\Table\Table.h" />
    <ClInclude Include="src\Compilation\ParseFunctions\ParseFunctions.h" />
    <ClInclude Include="src\Compilation\Statements\ExpressionStatement\ExpressionStatement.h" />
    <ClInclude Include="src\Compilation\Expressions\Expressions.h" />
    <ClInclude Include="src\Compilation\Statements\CompoundStatement\CompoundStatement.h" />
    <ClInclude Include="src\Compilation\Statements\SimpleStatement\SimpleStatement.h" />
    <ClInclude Include="src\Compilation\Statements\Statement\Statement.h" />
    <ClInclude Include="src\Compilation\Variables\Global\Global.h" />
    <ClInclude Include="src\Compilation\Variables\Upvalue\UpvalueResolver.h" />
    <ClInclude Include="src\Compilation\Bytecode\CompilerBytecode.h" />
    <ClInclude Include="src\Virtual Machine\Printing\VmPrinting.h" />
    <ClInclude Include="src\Services\Disassembly\InstructionWriters\InstructionWriters.h" />
    <ClInclude Include="src\Services\Disassembly\Disassembly.h" />
    <ClInclude Include="src\Services\Disassembly\BytecodeDisassembly\BytecodeDisassembly.h" />
    <ClInclude Include="src\Services\Disassembly\ExecutionDisassembly\ExecutionDisassembly.h" />
    <ClInclude Include="src\Virtual Machine\Run\Run.h" />
    <ClInclude Include="src\Virtual Machine\Services\Stack\Stack.h" />
    <ClInclude Include="src\Virtual Machine\Services\Errors\RuntimeError.h" />
    <ClInclude Include="src\Virtual Machine\CallFrame\CallFrame.h" />
    <ClInclude Include="src\Virtual Machine\Services\Call\Call.h" />
    <ClInclude Include="src\Virtual Machine\Services\Upvalues\Upvalues.h" />
    <ClInclude Include="src\Compilation\Variables\Upvalue\CompilerUpvalue.h" />
    <ClInclude Include="src\Compilation\Variables\Local\Local.h" />
    <ClInclude Include="src\Compilation\Variables\Local\LocalFunctions.h" />
    <ClInclude Include="src\Compilation\Compiler\CompilerFunctions.h" />
    <ClInclude Include="src\Services\GarbageCollection\GarbageCollection.h" />
    <ClInclude Include="src\Services\Disassembly\GarbageCollectionDisassembly\GarbageCollectionDisassembly.h" />
    <ClInclude Include="src\Services\GarbageCollection\GarbageCollector\GarbageCollector.h" />
    <ClInclude Include="src\Services\Table\TableFunctions.h" />
    <ClInclude Include="src\Services\Bytecode\BytecodeFunctions.h" />
    <ClInclude Include="src\Types\Object\ObjectFunctions.h" />
    <ClInclude Include="src\Types\Value\ValueFunctions.h" />
    <ClInclude Include="src\Types\Closure\ClosureFunctions.h" />
    <ClInclude Include="src\Types\Upvalue\UpvalueFunctions.h" />
    <ClInclude Include="src\Types\NativeFunction\NativeFunctionFunctions.h" />
    <ClInclude Include="src\Types\Function\FunctionFunctions.h" />
  </ItemGroup>
  <ItemGroup>
    <None Include="README.md" />
  </ItemGroup>
</Project>