<?xml version="1.0" encoding="utf-8"?>
<Project ToolsVersion="4.0" xmlns="http://schemas.microsoft.com/developer/msbuild/2003">
  <ItemGroup>
    <Filter Include="Bytecode">
      <UniqueIdentifier>{08cf1f0f-a2d2-4684-a2a0-7b0527e6f4f3}</UniqueIdentifier>
    </Filter>
  </ItemGroup>
  <ItemGroup>
    <ClCompile Include="BytecodeUnitTests.cpp">
      <Filter>Bytecode</Filter>
    </ClCompile>
  </ItemGroup>
</Project>