// !$*UTF8*$!
{
	archiveVersion = 1;
	classes = {
	};
	objectVersion = 50;
	objects = {

/* Begin PBXBuildFile section */
		6D14A18E239EE9F700118F78 /* main.c in Sources */ = {isa = PBXBuildFile; fileRef = 6D14A18D239EE9F700118F78 /* main.c */; };
		6D14A1A2239EF7F300118F78 /* Value.c in Sources */ = {isa = PBXBuildFile; fileRef = 6D14A1A1239EF7F300118F78 /* Value.c */; };
		6D14A1A6239EF81300118F78 /* Scanner.c in Sources */ = {isa = PBXBuildFile; fileRef = 6D14A1A5239EF81300118F78 /* Scanner.c */; };
		6D14A1A9239EF81D00118F78 /* Memory.c in Sources */ = {isa = PBXBuildFile; fileRef = 6D14A1A8239EF81C00118F78 /* Memory.c */; };
		6D14A1AD239EF83200118F78 /* Compiler.c in Sources */ = {isa = PBXBuildFile; fileRef = 6D14A1AC239EF83100118F78 /* Compiler.c */; };
		6D14A1B0239EF84B00118F78 /* CompilerErrors.c in Sources */ = {isa = PBXBuildFile; fileRef = 6D14A1AF239EF84A00118F78 /* CompilerErrors.c */; };
		6D14A1B6239EF87000118F78 /* VM.c in Sources */ = {isa = PBXBuildFile; fileRef = 6D14A1B5239EF87000118F78 /* VM.c */; };
		6D14A1B9239EF87900118F78 /* Bytecode.c in Sources */ = {isa = PBXBuildFile; fileRef = 6D14A1B8239EF87900118F78 /* Bytecode.c */; };
		6DE3FDEF23BCDA5C0002ADF4 /* Debug.c in Sources */ = {isa = PBXBuildFile; fileRef = 6DE3FDEE23BCDA5C0002ADF4 /* Debug.c */; };
/* End PBXBuildFile section */

/* Begin PBXCopyFilesBuildPhase section */
		6D14A188239EE9F700118F78 /* CopyFiles */ = {
			isa = PBXCopyFilesBuildPhase;
			buildActionMask = 2147483647;
			dstPath = /usr/share/man/man1/;
			dstSubfolderSpec = 0;
			files = (
			);
			runOnlyForDeploymentPostprocessing = 1;
		};
/* End PBXCopyFilesBuildPhase section */

/* Begin PBXFileReference section */
		6D14A18A239EE9F700118F78 /* PyInt */ = {isa = PBXFileReference; explicitFileType = "compiled.mach-o.executable"; includeInIndex = 0; path = PyInt; sourceTree = BUILT_PRODUCTS_DIR; };
		6D14A18D239EE9F700118F78 /* main.c */ = {isa = PBXFileReference; lastKnownFileType = sourcecode.c.c; path = main.c; sourceTree = "<group>"; };
		6D14A194239EEAD100118F78 /* Bytecode */ = {isa = PBXFileReference; lastKnownFileType = folder; path = Bytecode; sourceTree = "<group>"; };
		6D14A195239EEAF000118F78 /* VM */ = {isa = PBXFileReference; lastKnownFileType = folder; path = VM; sourceTree = "<group>"; };
		6D14A196239EEB1800118F78 /* Common.h */ = {isa = PBXFileReference; fileEncoding = 4; lastKnownFileType = sourcecode.c.h; path = Common.h; sourceTree = "<group>"; };
		6D14A197239EEB2700118F78 /* Compiler */ = {isa = PBXFileReference; lastKnownFileType = folder; path = Compiler; sourceTree = "<group>"; };
		6D14A198239EEB3200118F78 /* Debug */ = {isa = PBXFileReference; lastKnownFileType = folder; path = Debug; sourceTree = "<group>"; };
		6D14A199239EEB4600118F78 /* Memory */ = {isa = PBXFileReference; lastKnownFileType = folder; path = Memory; sourceTree = "<group>"; };
		6D14A19A239EEB5200118F78 /* Scanner */ = {isa = PBXFileReference; lastKnownFileType = folder; path = Scanner; sourceTree = "<group>"; };
		6D14A19B239EEB5D00118F78 /* Token */ = {isa = PBXFileReference; lastKnownFileType = folder; path = Token; sourceTree = "<group>"; };
		6D14A19C239EEB6500118F78 /* Value */ = {isa = PBXFileReference; lastKnownFileType = folder; path = Value; sourceTree = "<group>"; };
		6D14A1A1239EF7F300118F78 /* Value.c */ = {isa = PBXFileReference; lastKnownFileType = sourcecode.c.c; path = Value.c; sourceTree = "<group>"; };
		6D14A1A3239EF7FD00118F78 /* Value.h */ = {isa = PBXFileReference; lastKnownFileType = sourcecode.c.h; path = Value.h; sourceTree = "<group>"; };
		6D14A1A4239EF80C00118F78 /* Token.h */ = {isa = PBXFileReference; lastKnownFileType = sourcecode.c.h; path = Token.h; sourceTree = "<group>"; };
		6D14A1A5239EF81300118F78 /* Scanner.c */ = {isa = PBXFileReference; lastKnownFileType = sourcecode.c.c; path = Scanner.c; sourceTree = "<group>"; };
		6D14A1A7239EF81700118F78 /* Scanner.h */ = {isa = PBXFileReference; lastKnownFileType = sourcecode.c.h; path = Scanner.h; sourceTree = "<group>"; };
		6D14A1A8239EF81C00118F78 /* Memory.c */ = {isa = PBXFileReference; lastKnownFileType = sourcecode.c.c; path = Memory.c; sourceTree = "<group>"; };
		6D14A1AA239EF82500118F78 /* Memory.h */ = {isa = PBXFileReference; lastKnownFileType = sourcecode.c.h; path = Memory.h; sourceTree = "<group>"; };
		6D14A1AB239EF82D00118F78 /* Debug.h */ = {isa = PBXFileReference; lastKnownFileType = sourcecode.c.h; path = Debug.h; sourceTree = "<group>"; };
		6D14A1AC239EF83100118F78 /* Compiler.c */ = {isa = PBXFileReference; lastKnownFileType = sourcecode.c.c; path = Compiler.c; sourceTree = "<group>"; };
		6D14A1AE239EF84300118F78 /* Compiler.h */ = {isa = PBXFileReference; lastKnownFileType = sourcecode.c.h; path = Compiler.h; sourceTree = "<group>"; };
		6D14A1AF239EF84A00118F78 /* CompilerErrors.c */ = {isa = PBXFileReference; lastKnownFileType = sourcecode.c.c; path = CompilerErrors.c; sourceTree = "<group>"; };
		6D14A1B1239EF85000118F78 /* CompilerErrors.h */ = {isa = PBXFileReference; lastKnownFileType = sourcecode.c.h; path = CompilerErrors.h; sourceTree = "<group>"; };
		6D14A1B5239EF87000118F78 /* VM.c */ = {isa = PBXFileReference; lastKnownFileType = sourcecode.c.c; path = VM.c; sourceTree = "<group>"; };
		6D14A1B7239EF87400118F78 /* VM.h */ = {isa = PBXFileReference; lastKnownFileType = sourcecode.c.h; path = VM.h; sourceTree = "<group>"; };
		6D14A1B8239EF87900118F78 /* Bytecode.c */ = {isa = PBXFileReference; lastKnownFileType = sourcecode.c.c; path = Bytecode.c; sourceTree = "<group>"; };
		6D14A1BA239EF87E00118F78 /* Bytecode.h */ = {isa = PBXFileReference; lastKnownFileType = sourcecode.c.h; path = Bytecode.h; sourceTree = "<group>"; };
		6D1547DE23BE8C7800F08AF0 /* PyInt_Script */ = {isa = PBXFileReference; fileEncoding = 4; lastKnownFileType = text; path = PyInt_Script; sourceTree = "<group>"; };
		6DE3FDEE23BCDA5C0002ADF4 /* Debug.c */ = {isa = PBXFileReference; fileEncoding = 4; lastKnownFileType = sourcecode.c.c; path = Debug.c; sourceTree = "<group>"; };
/* End PBXFileReference section */

/* Begin PBXFrameworksBuildPhase section */
		6D14A187239EE9F700118F78 /* Frameworks */ = {
			isa = PBXFrameworksBuildPhase;
			buildActionMask = 2147483647;
			files = (
			);
			runOnlyForDeploymentPostprocessing = 0;
		};
/* End PBXFrameworksBuildPhase section */

/* Begin PBXGroup section */
		6D14A181239EE9F600118F78 = {
			isa = PBXGroup;
			children = (
				6D14A18C239EE9F700118F78 /* PyInt */,
				6D14A18B239EE9F700118F78 /* Products */,
			);
			sourceTree = "<group>";
		};
		6D14A18B239EE9F700118F78 /* Products */ = {
			isa = PBXGroup;
			children = (
				6D14A18A239EE9F700118F78 /* PyInt */,
			);
			name = Products;
			sourceTree = "<group>";
		};
		6D14A18C239EE9F700118F78 /* PyInt */ = {
			isa = PBXGroup;
			children = (
				6D1547DE23BE8C7800F08AF0 /* PyInt_Script */,
				6D14A1BA239EF87E00118F78 /* Bytecode.h */,
				6D14A1B8239EF87900118F78 /* Bytecode.c */,
				6D14A1B7239EF87400118F78 /* VM.h */,
				6D14A1B5239EF87000118F78 /* VM.c */,
				6D14A1B1239EF85000118F78 /* CompilerErrors.h */,
				6D14A1AF239EF84A00118F78 /* CompilerErrors.c */,
				6D14A1AE239EF84300118F78 /* Compiler.h */,
				6D14A1AC239EF83100118F78 /* Compiler.c */,
				6D14A1AB239EF82D00118F78 /* Debug.h */,
				6DE3FDEE23BCDA5C0002ADF4 /* Debug.c */,
				6D14A1AA239EF82500118F78 /* Memory.h */,
				6D14A1A8239EF81C00118F78 /* Memory.c */,
				6D14A1A7239EF81700118F78 /* Scanner.h */,
				6D14A1A5239EF81300118F78 /* Scanner.c */,
				6D14A1A4239EF80C00118F78 /* Token.h */,
				6D14A1A3239EF7FD00118F78 /* Value.h */,
				6D14A1A1239EF7F300118F78 /* Value.c */,
				6D14A19C239EEB6500118F78 /* Value */,
				6D14A19B239EEB5D00118F78 /* Token */,
				6D14A19A239EEB5200118F78 /* Scanner */,
				6D14A199239EEB4600118F78 /* Memory */,
				6D14A198239EEB3200118F78 /* Debug */,
				6D14A197239EEB2700118F78 /* Compiler */,
				6D14A196239EEB1800118F78 /* Common.h */,
				6D14A195239EEAF000118F78 /* VM */,
				6D14A194239EEAD100118F78 /* Bytecode */,
				6D14A18D239EE9F700118F78 /* main.c */,
			);
			path = PyInt;
			sourceTree = "<group>";
		};
/* End PBXGroup section */

/* Begin PBXNativeTarget section */
		6D14A189239EE9F700118F78 /* PyInt */ = {
			isa = PBXNativeTarget;
			buildConfigurationList = 6D14A191239EE9F700118F78 /* Build configuration list for PBXNativeTarget "PyInt" */;
			buildPhases = (
				6D14A186239EE9F700118F78 /* Sources */,
				6D14A187239EE9F700118F78 /* Frameworks */,
				6D14A188239EE9F700118F78 /* CopyFiles */,
			);
			buildRules = (
			);
			dependencies = (
			);
			name = PyInt;
			productName = PyInt;
			productReference = 6D14A18A239EE9F700118F78 /* PyInt */;
			productType = "com.apple.product-type.tool";
		};
/* End PBXNativeTarget section */

/* Begin PBXProject section */
		6D14A182239EE9F600118F78 /* Project object */ = {
			isa = PBXProject;
			attributes = {
				LastUpgradeCheck = 1120;
				ORGANIZATIONNAME = "Shaun Mitchell";
				TargetAttributes = {
					6D14A189239EE9F700118F78 = {
						CreatedOnToolsVersion = 11.2.1;
					};
				};
			};
			buildConfigurationList = 6D14A185239EE9F600118F78 /* Build configuration list for PBXProject "PyInt" */;
			compatibilityVersion = "Xcode 9.3";
			developmentRegion = en;
			hasScannedForEncodings = 0;
			knownRegions = (
				en,
				Base,
			);
			mainGroup = 6D14A181239EE9F600118F78;
			productRefGroup = 6D14A18B239EE9F700118F78 /* Products */;
			projectDirPath = "";
			projectRoot = "";
			targets = (
				6D14A189239EE9F700118F78 /* PyInt */,
			);
		};
/* End PBXProject section */

/* Begin PBXSourcesBuildPhase section */
		6D14A186239EE9F700118F78 /* Sources */ = {
			isa = PBXSourcesBuildPhase;
			buildActionMask = 2147483647;
			files = (
				6D14A1B9239EF87900118F78 /* Bytecode.c in Sources */,
				6D14A1B6239EF87000118F78 /* VM.c in Sources */,
				6D14A1A6239EF81300118F78 /* Scanner.c in Sources */,
				6D14A1B0239EF84B00118F78 /* CompilerErrors.c in Sources */,
				6D14A18E239EE9F700118F78 /* main.c in Sources */,
				6D14A1A9239EF81D00118F78 /* Memory.c in Sources */,
				6DE3FDEF23BCDA5C0002ADF4 /* Debug.c in Sources */,
				6D14A1AD239EF83200118F78 /* Compiler.c in Sources */,
				6D14A1A2239EF7F300118F78 /* Value.c in Sources */,
			);
			runOnlyForDeploymentPostprocessing = 0;
		};
/* End PBXSourcesBuildPhase section */

/* Begin XCBuildConfiguration section */
		6D14A18F239EE9F700118F78 /* Debug */ = {
			isa = XCBuildConfiguration;
			buildSettings = {
				ALWAYS_SEARCH_USER_PATHS = NO;
				CLANG_ANALYZER_NONNULL = YES;
				CLANG_ANALYZER_NUMBER_OBJECT_CONVERSION = YES_AGGRESSIVE;
				CLANG_CXX_LANGUAGE_STANDARD = "gnu++14";
				CLANG_CXX_LIBRARY = "libc++";
				CLANG_ENABLE_MODULES = YES;
				CLANG_ENABLE_OBJC_ARC = YES;
				CLANG_ENABLE_OBJC_WEAK = YES;
				CLANG_WARN_BLOCK_CAPTURE_AUTORELEASING = YES;
				CLANG_WARN_BOOL_CONVERSION = YES;
				CLANG_WARN_COMMA = YES;
				CLANG_WARN_CONSTANT_CONVERSION = YES;
				CLANG_WARN_DEPRECATED_OBJC_IMPLEMENTATIONS = YES;
				CLANG_WARN_DIRECT_OBJC_ISA_USAGE = YES_ERROR;
				CLANG_WARN_DOCUMENTATION_COMMENTS = YES;
				CLANG_WARN_EMPTY_BODY = YES;
				CLANG_WARN_ENUM_CONVERSION = YES;
				CLANG_WARN_INFINITE_RECURSION = YES;
				CLANG_WARN_INT_CONVERSION = YES;
				CLANG_WARN_NON_LITERAL_NULL_CONVERSION = YES;
				CLANG_WARN_OBJC_IMPLICIT_RETAIN_SELF = YES;
				CLANG_WARN_OBJC_LITERAL_CONVERSION = YES;
				CLANG_WARN_OBJC_ROOT_CLASS = YES_ERROR;
				CLANG_WARN_RANGE_LOOP_ANALYSIS = YES;
				CLANG_WARN_STRICT_PROTOTYPES = YES;
				CLANG_WARN_SUSPICIOUS_MOVE = YES;
				CLANG_WARN_UNGUARDED_AVAILABILITY = YES_AGGRESSIVE;
				CLANG_WARN_UNREACHABLE_CODE = YES;
				CLANG_WARN__DUPLICATE_METHOD_MATCH = YES;
				COPY_PHASE_STRIP = NO;
				DEBUG_INFORMATION_FORMAT = dwarf;
				ENABLE_STRICT_OBJC_MSGSEND = YES;
				ENABLE_TESTABILITY = YES;
				GCC_C_LANGUAGE_STANDARD = gnu11;
				GCC_DYNAMIC_NO_PIC = NO;
				GCC_NO_COMMON_BLOCKS = YES;
				GCC_OPTIMIZATION_LEVEL = 0;
				GCC_PREPROCESSOR_DEFINITIONS = (
					"DEBUG=1",
					"$(inherited)",
				);
				GCC_WARN_64_TO_32_BIT_CONVERSION = YES;
				GCC_WARN_ABOUT_RETURN_TYPE = YES_ERROR;
				GCC_WARN_UNDECLARED_SELECTOR = YES;
				GCC_WARN_UNINITIALIZED_AUTOS = YES_AGGRESSIVE;
				GCC_WARN_UNUSED_FUNCTION = YES;
				GCC_WARN_UNUSED_VARIABLE = YES;
				MACOSX_DEPLOYMENT_TARGET = 10.15;
				MTL_ENABLE_DEBUG_INFO = INCLUDE_SOURCE;
				MTL_FAST_MATH = YES;
				ONLY_ACTIVE_ARCH = YES;
				SDKROOT = macosx;
			};
			name = Debug;
		};
		6D14A190239EE9F700118F78 /* Release */ = {
			isa = XCBuildConfiguration;
			buildSettings = {
				ALWAYS_SEARCH_USER_PATHS = NO;
				CLANG_ANALYZER_NONNULL = YES;
				CLANG_ANALYZER_NUMBER_OBJECT_CONVERSION = YES_AGGRESSIVE;
				CLANG_CXX_LANGUAGE_STANDARD = "gnu++14";
				CLANG_CXX_LIBRARY = "libc++";
				CLANG_ENABLE_MODULES = YES;
				CLANG_ENABLE_OBJC_ARC = YES;
				CLANG_ENABLE_OBJC_WEAK = YES;
				CLANG_WARN_BLOCK_CAPTURE_AUTORELEASING = YES;
				CLANG_WARN_BOOL_CONVERSION = YES;
				CLANG_WARN_COMMA = YES;
				CLANG_WARN_CONSTANT_CONVERSION = YES;
				CLANG_WARN_DEPRECATED_OBJC_IMPLEMENTATIONS = YES;
				CLANG_WARN_DIRECT_OBJC_ISA_USAGE = YES_ERROR;
				CLANG_WARN_DOCUMENTATION_COMMENTS = YES;
				CLANG_WARN_EMPTY_BODY = YES;
				CLANG_WARN_ENUM_CONVERSION = YES;
				CLANG_WARN_INFINITE_RECURSION = YES;
				CLANG_WARN_INT_CONVERSION = YES;
				CLANG_WARN_NON_LITERAL_NULL_CONVERSION = YES;
				CLANG_WARN_OBJC_IMPLICIT_RETAIN_SELF = YES;
				CLANG_WARN_OBJC_LITERAL_CONVERSION = YES;
				CLANG_WARN_OBJC_ROOT_CLASS = YES_ERROR;
				CLANG_WARN_RANGE_LOOP_ANALYSIS = YES;
				CLANG_WARN_STRICT_PROTOTYPES = YES;
				CLANG_WARN_SUSPICIOUS_MOVE = YES;
				CLANG_WARN_UNGUARDED_AVAILABILITY = YES_AGGRESSIVE;
				CLANG_WARN_UNREACHABLE_CODE = YES;
				CLANG_WARN__DUPLICATE_METHOD_MATCH = YES;
				COPY_PHASE_STRIP = NO;
				DEBUG_INFORMATION_FORMAT = "dwarf-with-dsym";
				ENABLE_NS_ASSERTIONS = NO;
				ENABLE_STRICT_OBJC_MSGSEND = YES;
				GCC_C_LANGUAGE_STANDARD = gnu11;
				GCC_NO_COMMON_BLOCKS = YES;
				GCC_WARN_64_TO_32_BIT_CONVERSION = YES;
				GCC_WARN_ABOUT_RETURN_TYPE = YES_ERROR;
				GCC_WARN_UNDECLARED_SELECTOR = YES;
				GCC_WARN_UNINITIALIZED_AUTOS = YES_AGGRESSIVE;
				GCC_WARN_UNUSED_FUNCTION = YES;
				GCC_WARN_UNUSED_VARIABLE = YES;
				MACOSX_DEPLOYMENT_TARGET = 10.15;
				MTL_ENABLE_DEBUG_INFO = NO;
				MTL_FAST_MATH = YES;
				SDKROOT = macosx;
			};
			name = Release;
		};
		6D14A192239EE9F700118F78 /* Debug */ = {
			isa = XCBuildConfiguration;
			buildSettings = {
				CODE_SIGN_STYLE = Automatic;
				PRODUCT_NAME = "$(TARGET_NAME)";
			};
			name = Debug;
		};
		6D14A193239EE9F700118F78 /* Release */ = {
			isa = XCBuildConfiguration;
			buildSettings = {
				CODE_SIGN_STYLE = Automatic;
				PRODUCT_NAME = "$(TARGET_NAME)";
			};
			name = Release;
		};
/* End XCBuildConfiguration section */

/* Begin XCConfigurationList section */
		6D14A185239EE9F600118F78 /* Build configuration list for PBXProject "PyInt" */ = {
			isa = XCConfigurationList;
			buildConfigurations = (
				6D14A18F239EE9F700118F78 /* Debug */,
				6D14A190239EE9F700118F78 /* Release */,
			);
			defaultConfigurationIsVisible = 0;
			defaultConfigurationName = Release;
		};
		6D14A191239EE9F700118F78 /* Build configuration list for PBXNativeTarget "PyInt" */ = {
			isa = XCConfigurationList;
			buildConfigurations = (
				6D14A192239EE9F700118F78 /* Debug */,
				6D14A193239EE9F700118F78 /* Release */,
			);
			defaultConfigurationIsVisible = 0;
			defaultConfigurationName = Release;
		};
/* End XCConfigurationList section */
	};
	rootObject = 6D14A182239EE9F600118F78 /* Project object */;
}
