<?xml version="1.0" encoding="utf-8"?>
<Project ToolsVersion="4.0" xmlns="http://schemas.microsoft.com/developer/msbuild/2003">
  <ItemGroup>
    <Filter Include="UnitTests">
      <UniqueIdentifier>{4FC737F1-C7A5-4376-A066-2A32D752A2FF}</UniqueIdentifier>
      <Extensions>cpp;c;cc;cxx;c++;def;odl;idl;hpj;bat;asm;asmx</Extensions>
    </Filter>
    <Filter Include="Functional Tests">
      <UniqueIdentifier>{07b12a60-d537-45fb-9751-ac51ecf06e97}</UniqueIdentifier>
    </Filter>
    <Filter Include="Functional Tests\Source Code">
      <UniqueIdentifier>{68a53cfc-25a9-49ed-a4b8-1524b0a83e24}</UniqueIdentifier>
    </Filter>
  </ItemGroup>
  <ItemGroup>
    <ClCompile Include="Functional Tests\ArithmeticFunctionalTests.cpp">
      <Filter>Functional Tests</Filter>
    </ClCompile>
    <ClCompile Include="Functional Tests\FunctionalTestUtilities.c">
      <Filter>UnitTests</Filter>
    </ClCompile>
    <ClCompile Include="Functional Tests\LogicFunctionalTests.cpp">
      <Filter>UnitTests</Filter>
    </ClCompile>
    <ClCompile Include="Functional Tests\GlobalVariableFunctionalTests.cpp">
      <Filter>UnitTests</Filter>
    </ClCompile>
    <ClCompile Include="Functional Tests\IfStatementFunctionalTests.cpp">
      <Filter>UnitTests</Filter>
    </ClCompile>
    <ClCompile Include="Functional Tests\WhileLoopFunctionalTests.cpp">
      <Filter>UnitTests</Filter>
    </ClCompile>
    <ClCompile Include="Functional Tests\FunctionsFunctionalTests.cpp">
      <Filter>UnitTests</Filter>
    </ClCompile>
    <ClCompile Include="Functional Tests\NativeFunctionsFunctionalTests.cpp">
      <Filter>UnitTests</Filter>
    </ClCompile>
  </ItemGroup>
  <ItemGroup>
    <ClInclude Include="Functional Tests\FunctionalTestUtilities.h" />
  </ItemGroup>
</Project>